
Microsoft Visual Studio Solution File, Format Version 12.00
# Visual Studio Version 17
VisualStudioVersion = 17.4.33122.133
MinimumVisualStudioVersion = 10.0.40219.1
Project("{8BC9CEB8-8B4A-11D0-8D11-00A0C91BC942}") = "Home tusk 08.01", "Home tusk 08.01\Home tusk 08.01.vcxproj", "{8A17713E-B71F-4C34-B940-50DE26A0841C}"
EndProject
Global
	GlobalSection(SolutionConfigurationPlatforms) = preSolution
		Debug|x64 = Debug|x64
		Debug|x86 = Debug|x86
		Release|x64 = Release|x64
		Release|x86 = Release|x86
	EndGlobalSection
	GlobalSection(ProjectConfigurationPlatforms) = postSolution
		{8A17713E-B71F-4C34-B940-50DE26A0841C}.Debug|x64.ActiveCfg = Debug|x64
		{8A17713E-B71F-4C34-B940-50DE26A0841C}.Debug|x64.Build.0 = Debug|x64
		{8A17713E-B71F-4C34-B940-50DE26A0841C}.Debug|x86.ActiveCfg = Debug|Win32
		{8A17713E-B71F-4C34-B940-50DE26A0841C}.Debug|x86.Build.0 = Debug|Win32
		{8A17713E-B71F-4C34-B940-50DE26A0841C}.Release|x64.ActiveCfg = Release|x64
		{8A17713E-B71F-4C34-B940-50DE26A0841C}.Release|x64.Build.0 = Release|x64
		{8A17713E-B71F-4C34-B940-50DE26A0841C}.Release|x86.ActiveCfg = Release|Win32
		{8A17713E-B71F-4C34-B940-50DE26A0841C}.Release|x86.Build.0 = Release|Win32
	EndGlobalSection
	GlobalSection(SolutionProperties) = preSolution
		HideSolutionNode = FALSE
	EndGlobalSection
	GlobalSection(ExtensibilityGlobals) = postSolution
		SolutionGuid = {912D5A7A-6F80-4788-A60F-CA6FE3F40D34}
	EndGlobalSection
EndGlobal
